
Microsoft Visual Studio Solution File, Format Version 12.00
# Visual Studio Version 16
VisualStudioVersion = 16.0.29911.84
MinimumVisualStudioVersion = 10.0.40219.1
Project("{9A19103F-16F7-4668-BE54-9A1E7A4F7556}") = "AlbumScraper", "AlbumScraper\AlbumScraper.csproj", "{FDA877C1-0C69-4D23-8AF3-F42AF5D57030}"
EndProject
Project("{9A19103F-16F7-4668-BE54-9A1E7A4F7556}") = "AlbumRecommendations.Models", "AlbumScraper.Models\AlbumRecommendations.Models.csproj", "{26ED15FB-EA56-4568-B4C9-40FC7D6EDDCC}"
EndProject
Project("{9A19103F-16F7-4668-BE54-9A1E7A4F7556}") = "AlbumRecommendations.Common", "AlbumScraper.Common\AlbumRecommendations.Common.csproj", "{5001426A-4146-43E3-81AA-49E5DB1EA94E}"
EndProject
Project("{FAE04EC0-301F-11D3-BF4B-00C04F79EFBC}") = "AlbumRecommendations.WebApi", "AlbumRecommendations.WebApi\AlbumRecommendations.WebApi.csproj", "{4E0297E3-2729-4ABC-B1C4-19C3D7FAA7E5}"
EndProject
Project("{FAE04EC0-301F-11D3-BF4B-00C04F79EFBC}") = "AlbumRecommendations.Repositories", "AlbumRecommendations.Repositories\AlbumRecommendations.Repositories.csproj", "{D6BDA181-4FE1-493D-A5D7-AC218FC3C43B}"
EndProject
Project("{2150E333-8FDC-42A3-9474-1A3956D46DE8}") = "Solution Items", "Solution Items", "{82045829-D10C-47DE-BFCE-379767907ECF}"
	ProjectSection(SolutionItems) = preProject
		ScrapeMaster.xlsx = ScrapeMaster.xlsx
	EndProjectSection
EndProject
Global
	GlobalSection(SolutionConfigurationPlatforms) = preSolution
		Debug|Any CPU = Debug|Any CPU
		Release|Any CPU = Release|Any CPU
	EndGlobalSection
	GlobalSection(ProjectConfigurationPlatforms) = postSolution
		{FDA877C1-0C69-4D23-8AF3-F42AF5D57030}.Debug|Any CPU.ActiveCfg = Debug|Any CPU
		{FDA877C1-0C69-4D23-8AF3-F42AF5D57030}.Debug|Any CPU.Build.0 = Debug|Any CPU
		{FDA877C1-0C69-4D23-8AF3-F42AF5D57030}.Release|Any CPU.ActiveCfg = Release|Any CPU
		{FDA877C1-0C69-4D23-8AF3-F42AF5D57030}.Release|Any CPU.Build.0 = Release|Any CPU
		{26ED15FB-EA56-4568-B4C9-40FC7D6EDDCC}.Debug|Any CPU.ActiveCfg = Debug|Any CPU
		{26ED15FB-EA56-4568-B4C9-40FC7D6EDDCC}.Debug|Any CPU.Build.0 = Debug|Any CPU
		{26ED15FB-EA56-4568-B4C9-40FC7D6EDDCC}.Release|Any CPU.ActiveCfg = Release|Any CPU
		{26ED15FB-EA56-4568-B4C9-40FC7D6EDDCC}.Release|Any CPU.Build.0 = Release|Any CPU
		{5001426A-4146-43E3-81AA-49E5DB1EA94E}.Debug|Any CPU.ActiveCfg = Debug|Any CPU
		{5001426A-4146-43E3-81AA-49E5DB1EA94E}.Debug|Any CPU.Build.0 = Debug|Any CPU
		{5001426A-4146-43E3-81AA-49E5DB1EA94E}.Release|Any CPU.ActiveCfg = Release|Any CPU
		{5001426A-4146-43E3-81AA-49E5DB1EA94E}.Release|Any CPU.Build.0 = Release|Any CPU
		{4E0297E3-2729-4ABC-B1C4-19C3D7FAA7E5}.Debug|Any CPU.ActiveCfg = Debug|Any CPU
		{4E0297E3-2729-4ABC-B1C4-19C3D7FAA7E5}.Debug|Any CPU.Build.0 = Debug|Any CPU
		{4E0297E3-2729-4ABC-B1C4-19C3D7FAA7E5}.Release|Any CPU.ActiveCfg = Release|Any CPU
		{4E0297E3-2729-4ABC-B1C4-19C3D7FAA7E5}.Release|Any CPU.Build.0 = Release|Any CPU
		{D6BDA181-4FE1-493D-A5D7-AC218FC3C43B}.Debug|Any CPU.ActiveCfg = Debug|Any CPU
		{D6BDA181-4FE1-493D-A5D7-AC218FC3C43B}.Debug|Any CPU.Build.0 = Debug|Any CPU
		{D6BDA181-4FE1-493D-A5D7-AC218FC3C43B}.Release|Any CPU.ActiveCfg = Release|Any CPU
		{D6BDA181-4FE1-493D-A5D7-AC218FC3C43B}.Release|Any CPU.Build.0 = Release|Any CPU
	EndGlobalSection
	GlobalSection(SolutionProperties) = preSolution
		HideSolutionNode = FALSE
	EndGlobalSection
	GlobalSection(ExtensibilityGlobals) = postSolution
		SolutionGuid = {020B8D7F-925A-477C-B986-A1C509D02CA3}
	EndGlobalSection
EndGlobal
